
Microsoft Visual Studio Solution File, Format Version 12.00
# Visual Studio Version 17
VisualStudioVersion = 17.14.36414.22
MinimumVisualStudioVersion = 10.0.40219.1
Project("{FAE04EC0-301F-11D3-BF4B-00C04F79EFBC}") = "Softhand", "src\Softhand\Softhand.csproj", "{FDB0FB1C-3216-47B7-85EC-CA3067427BAF}"
EndProject
Project("{2150E333-8FDC-42A3-9474-1A3956D46DE8}") = "src", "src", "{02EA681E-C7D8-13C7-8484-4AC65E1B71E8}"
EndProject
Project("{2150E333-8FDC-42A3-9474-1A3956D46DE8}") = "Sentry", "Sentry", "{BDAFD26B-C1D0-4527-B55E-C97EAEE7183C}"
	ProjectSection(SolutionItems) = preProject
		Sentry\.env = Sentry\.env
		Sentry\docker-compose.yml = Sentry\docker-compose.yml
	EndProjectSection
EndProject
Project("{2150E333-8FDC-42A3-9474-1A3956D46DE8}") = "sentry", "sentry", "{4FA9E3C6-071D-4EEB-A487-7DF9F9D5B019}"
EndProject
Project("{2150E333-8FDC-42A3-9474-1A3956D46DE8}") = "config", "config", "{D221A9D3-E7DA-4406-A214-FE1C2F7082F2}"
	ProjectSection(SolutionItems) = preProject
		Sentry\sentry\config\sentry.conf.py = Sentry\sentry\config\sentry.conf.py
	EndProjectSection
EndProject
Project("{2150E333-8FDC-42A3-9474-1A3956D46DE8}") = ".github", ".github", "{ED8CF65F-FAD3-4AD6-A2EA-31D8A4052902}"
EndProject
Project("{2150E333-8FDC-42A3-9474-1A3956D46DE8}") = "workflows", "workflows", "{13B629F1-BCEE-4D7C-A3E2-EB4CD42068BC}"
	ProjectSection(SolutionItems) = preProject
		.github\workflows\ci-build.yml = .github\workflows\ci-build.yml
		.github\workflows\extract-version.yml = .github\workflows\extract-version.yml
	EndProjectSection
EndProject
Project("{2150E333-8FDC-42A3-9474-1A3956D46DE8}") = "ISSUE_TEMPLATE", "ISSUE_TEMPLATE", "{6B35788D-A5C7-41FA-A95B-FAA330E3800B}"
	ProjectSection(SolutionItems) = preProject
		.github\ISSUE_TEMPLATE\bug_report.yml = .github\ISSUE_TEMPLATE\bug_report.yml
		.github\ISSUE_TEMPLATE\config.yml = .github\ISSUE_TEMPLATE\config.yml
		.github\ISSUE_TEMPLATE\feature_request.yml = .github\ISSUE_TEMPLATE\feature_request.yml
	EndProjectSection
EndProject
Project("{2150E333-8FDC-42A3-9474-1A3956D46DE8}") = "Solution Items", "Solution Items", "{380A7511-A354-6D7A-0CC0-8FA1F1BA7B6C}"
	ProjectSection(SolutionItems) = preProject
		README.md = README.md
	EndProjectSection
EndProject
Global
	GlobalSection(SolutionConfigurationPlatforms) = preSolution
		Debug|Any CPU = Debug|Any CPU
		Release|Any CPU = Release|Any CPU
	EndGlobalSection
	GlobalSection(ProjectConfigurationPlatforms) = postSolution
		{FDB0FB1C-3216-47B7-85EC-CA3067427BAF}.Debug|Any CPU.ActiveCfg = Debug|Any CPU
		{FDB0FB1C-3216-47B7-85EC-CA3067427BAF}.Debug|Any CPU.Build.0 = Debug|Any CPU
		{FDB0FB1C-3216-47B7-85EC-CA3067427BAF}.Debug|Any CPU.Deploy.0 = Debug|Any CPU
		{FDB0FB1C-3216-47B7-85EC-CA3067427BAF}.Release|Any CPU.ActiveCfg = Release|Any CPU
		{FDB0FB1C-3216-47B7-85EC-CA3067427BAF}.Release|Any CPU.Build.0 = Release|Any CPU
	EndGlobalSection
	GlobalSection(SolutionProperties) = preSolution
		HideSolutionNode = FALSE
	EndGlobalSection
	GlobalSection(NestedProjects) = preSolution
		{FDB0FB1C-3216-47B7-85EC-CA3067427BAF} = {02EA681E-C7D8-13C7-8484-4AC65E1B71E8}
		{4FA9E3C6-071D-4EEB-A487-7DF9F9D5B019} = {BDAFD26B-C1D0-4527-B55E-C97EAEE7183C}
		{D221A9D3-E7DA-4406-A214-FE1C2F7082F2} = {4FA9E3C6-071D-4EEB-A487-7DF9F9D5B019}
		{13B629F1-BCEE-4D7C-A3E2-EB4CD42068BC} = {ED8CF65F-FAD3-4AD6-A2EA-31D8A4052902}
		{6B35788D-A5C7-41FA-A95B-FAA330E3800B} = {ED8CF65F-FAD3-4AD6-A2EA-31D8A4052902}
	EndGlobalSection
	GlobalSection(ExtensibilityGlobals) = postSolution
		SolutionGuid = {AF9E3B9A-629D-4CB3-BBC8-4E8A5D403AA2}
	EndGlobalSection
EndGlobal
